// !$*UTF8*$!
{
	archiveVersion = 1;
	classes = {
	};
	objectVersion = 56;
	objects = {

/* Begin PBXBuildFile section */
		5377B9096AE12B375FBE284C /* Pods_messenger.framework in Frameworks */ = {isa = PBXBuildFile; fileRef = 39615C72087CD1271E826DF8 /* Pods_messenger.framework */; };
		D30EA7F2294D7EDC00F65FFC /* DatabaseManager.swift in Sources */ = {isa = PBXBuildFile; fileRef = D30EA7F1294D7EDC00F65FFC /* DatabaseManager.swift */; };
		D30EA7F4294D8A7600F65FFC /* RegisterPresenter.swift in Sources */ = {isa = PBXBuildFile; fileRef = D30EA7F3294D8A7600F65FFC /* RegisterPresenter.swift */; };
		D30EA7F6294D8AAB00F65FFC /* RegisterModel.swift in Sources */ = {isa = PBXBuildFile; fileRef = D30EA7F5294D8AAB00F65FFC /* RegisterModel.swift */; };
		D30EA7F9294DFF3600F65FFC /* ConversationsUIView.swift in Sources */ = {isa = PBXBuildFile; fileRef = D30EA7F8294DFF3600F65FFC /* ConversationsUIView.swift */; };
		D30EA7FC294DFFB900F65FFC /* ConversationsTableViewCell.swift in Sources */ = {isa = PBXBuildFile; fileRef = D30EA7FB294DFFB900F65FFC /* ConversationsTableViewCell.swift */; };
		D30EA7FF294E02C100F65FFC /* ChatViewController.swift in Sources */ = {isa = PBXBuildFile; fileRef = D30EA7FE294E02C100F65FFC /* ChatViewController.swift */; };
		D30EA802294E10FC00F65FFC /* NewConversationViewController.swift in Sources */ = {isa = PBXBuildFile; fileRef = D30EA801294E10FC00F65FFC /* NewConversationViewController.swift */; };
		D30EA804294E111D00F65FFC /* NewConversationUIView.swift in Sources */ = {isa = PBXBuildFile; fileRef = D30EA803294E111D00F65FFC /* NewConversationUIView.swift */; };
		D30EA807294E147700F65FFC /* NewConversationTableViewCell.swift in Sources */ = {isa = PBXBuildFile; fileRef = D30EA806294E147700F65FFC /* NewConversationTableViewCell.swift */; };
		D30EA80A294E199200F65FFC /* StorageManager.swift in Sources */ = {isa = PBXBuildFile; fileRef = D30EA809294E199200F65FFC /* StorageManager.swift */; };
		D33B4E5529490D9C00927435 /* R.generated.swift in Sources */ = {isa = PBXBuildFile; fileRef = D33B4E5429490D9C00927435 /* R.generated.swift */; };
		D33B4E5729490DAD00927435 /* Localizable.strings in Resources */ = {isa = PBXBuildFile; fileRef = D33B4E5629490DAD00927435 /* Localizable.strings */; };
		D33B4E592949112E00927435 /* GoogleService-Info.plist in Resources */ = {isa = PBXBuildFile; fileRef = D33B4E582949112E00927435 /* GoogleService-Info.plist */; };
		D3449B7929597F670049C75D /* NetworkConnectionManager.swift in Sources */ = {isa = PBXBuildFile; fileRef = D3449B7829597F670049C75D /* NetworkConnectionManager.swift */; };
		D3449B7B295980660049C75D /* ConversationPresenter.swift in Sources */ = {isa = PBXBuildFile; fileRef = D3449B7A295980660049C75D /* ConversationPresenter.swift */; };
		D3449B7D295981330049C75D /* ConversationInteractor.swift in Sources */ = {isa = PBXBuildFile; fileRef = D3449B7C295981330049C75D /* ConversationInteractor.swift */; };
		D3449B7F295981BD0049C75D /* ConversationService.swift in Sources */ = {isa = PBXBuildFile; fileRef = D3449B7E295981BD0049C75D /* ConversationService.swift */; };
		D3449B82295983ED0049C75D /* RealmManager.swift in Sources */ = {isa = PBXBuildFile; fileRef = D3449B81295983ED0049C75D /* RealmManager.swift */; };
		D3449B842959A65D0049C75D /* TabBarController.swift in Sources */ = {isa = PBXBuildFile; fileRef = D3449B832959A65D0049C75D /* TabBarController.swift */; };
		D3449B872959A6850049C75D /* ProfileViewController.swift in Sources */ = {isa = PBXBuildFile; fileRef = D3449B862959A6850049C75D /* ProfileViewController.swift */; };
		D3449B892959A6960049C75D /* ProfileUIView.swift in Sources */ = {isa = PBXBuildFile; fileRef = D3449B882959A6960049C75D /* ProfileUIView.swift */; };
		D3449B8C2959DD7C0049C75D /* ProfileUTableViewCell.swift in Sources */ = {isa = PBXBuildFile; fileRef = D3449B8B2959DD7C0049C75D /* ProfileUTableViewCell.swift */; };
		D36059E62948E39D009DA1D6 /* AppDelegate.swift in Sources */ = {isa = PBXBuildFile; fileRef = D36059E52948E39D009DA1D6 /* AppDelegate.swift */; };
		D36059E82948E39D009DA1D6 /* SceneDelegate.swift in Sources */ = {isa = PBXBuildFile; fileRef = D36059E72948E39D009DA1D6 /* SceneDelegate.swift */; };
		D36059EA2948E39D009DA1D6 /* ConversationsViewController.swift in Sources */ = {isa = PBXBuildFile; fileRef = D36059E92948E39D009DA1D6 /* ConversationsViewController.swift */; };
		D36059EF2948E39F009DA1D6 /* Assets.xcassets in Resources */ = {isa = PBXBuildFile; fileRef = D36059EE2948E39F009DA1D6 /* Assets.xcassets */; };
		D36059F22948E39F009DA1D6 /* LaunchScreen.storyboard in Resources */ = {isa = PBXBuildFile; fileRef = D36059F02948E39F009DA1D6 /* LaunchScreen.storyboard */; };
		D383A4E22950627400DA6319 /* UserDefaultsKeysConstant.swift in Sources */ = {isa = PBXBuildFile; fileRef = D383A4E12950627400DA6319 /* UserDefaultsKeysConstant.swift */; };
		D383A4E529506C2900DA6319 /* SearchResult.swift in Sources */ = {isa = PBXBuildFile; fileRef = D383A4E429506C2900DA6319 /* SearchResult.swift */; };
		D383A4E82950789300DA6319 /* PhotoViewerViewController.swift in Sources */ = {isa = PBXBuildFile; fileRef = D383A4E72950789300DA6319 /* PhotoViewerViewController.swift */; };
		D383A4EA295078AF00DA6319 /* PhotoViewerUIView.swift in Sources */ = {isa = PBXBuildFile; fileRef = D383A4E9295078AF00DA6319 /* PhotoViewerUIView.swift */; };
		D383A4ED29507B4F00DA6319 /* LocationPickerViewController.swift in Sources */ = {isa = PBXBuildFile; fileRef = D383A4EC29507B4F00DA6319 /* LocationPickerViewController.swift */; };
		D383A4EF29507B5D00DA6319 /* LocationPickerUIView.swift in Sources */ = {isa = PBXBuildFile; fileRef = D383A4EE29507B5D00DA6319 /* LocationPickerUIView.swift */; };
		D383A4F82950855700DA6319 /* Conversation.swift in Sources */ = {isa = PBXBuildFile; fileRef = D383A4F72950855700DA6319 /* Conversation.swift */; };
		D383A4FB2950A38E00DA6319 /* Models.swift in Sources */ = {isa = PBXBuildFile; fileRef = D383A4FA2950A38E00DA6319 /* Models.swift */; };
		D3924A83294C3CBF00FEF1E5 /* RegisterViewController.swift in Sources */ = {isa = PBXBuildFile; fileRef = D3924A82294C3CBF00FEF1E5 /* RegisterViewController.swift */; };
		D3924A85294C3CD000FEF1E5 /* RegisterUIView.swift in Sources */ = {isa = PBXBuildFile; fileRef = D3924A84294C3CD000FEF1E5 /* RegisterUIView.swift */; };
		D3D09ECC294A430E00B1CC02 /* LoginViewController.swift in Sources */ = {isa = PBXBuildFile; fileRef = D3D09ECB294A430E00B1CC02 /* LoginViewController.swift */; };
		D3D09ECE294A431C00B1CC02 /* LoginUIView.swift in Sources */ = {isa = PBXBuildFile; fileRef = D3D09ECD294A431C00B1CC02 /* LoginUIView.swift */; };
		D3D09ED0294B102500B1CC02 /* LoginModel.swift in Sources */ = {isa = PBXBuildFile; fileRef = D3D09ECF294B102500B1CC02 /* LoginModel.swift */; };
		D3D09ED7294B142D00B1CC02 /* APIRequest.swift in Sources */ = {isa = PBXBuildFile; fileRef = D3D09ED6294B142D00B1CC02 /* APIRequest.swift */; };
		D3D09ED9294B145300B1CC02 /* CustomError.swift in Sources */ = {isa = PBXBuildFile; fileRef = D3D09ED8294B145300B1CC02 /* CustomError.swift */; };
		D3D09EDB294B233A00B1CC02 /* LoginPresenter.swift in Sources */ = {isa = PBXBuildFile; fileRef = D3D09EDA294B233A00B1CC02 /* LoginPresenter.swift */; };
/* End PBXBuildFile section */

/* Begin PBXFileReference section */
		39615C72087CD1271E826DF8 /* Pods_messenger.framework */ = {isa = PBXFileReference; explicitFileType = wrapper.framework; includeInIndex = 0; path = Pods_messenger.framework; sourceTree = BUILT_PRODUCTS_DIR; };
		A44AB5D66E579DF68AD3CF74 /* Pods-messenger.release.xcconfig */ = {isa = PBXFileReference; includeInIndex = 1; lastKnownFileType = text.xcconfig; name = "Pods-messenger.release.xcconfig"; path = "Target Support Files/Pods-messenger/Pods-messenger.release.xcconfig"; sourceTree = "<group>"; };
		B78441EA61B4BF3745C161A5 /* Pods-messenger.debug.xcconfig */ = {isa = PBXFileReference; includeInIndex = 1; lastKnownFileType = text.xcconfig; name = "Pods-messenger.debug.xcconfig"; path = "Target Support Files/Pods-messenger/Pods-messenger.debug.xcconfig"; sourceTree = "<group>"; };
		D30EA7F1294D7EDC00F65FFC /* DatabaseManager.swift */ = {isa = PBXFileReference; lastKnownFileType = sourcecode.swift; path = DatabaseManager.swift; sourceTree = "<group>"; };
		D30EA7F3294D8A7600F65FFC /* RegisterPresenter.swift */ = {isa = PBXFileReference; lastKnownFileType = sourcecode.swift; path = RegisterPresenter.swift; sourceTree = "<group>"; };
		D30EA7F5294D8AAB00F65FFC /* RegisterModel.swift */ = {isa = PBXFileReference; lastKnownFileType = sourcecode.swift; path = RegisterModel.swift; sourceTree = "<group>"; };
		D30EA7F8294DFF3600F65FFC /* ConversationsUIView.swift */ = {isa = PBXFileReference; lastKnownFileType = sourcecode.swift; path = ConversationsUIView.swift; sourceTree = "<group>"; };
		D30EA7FB294DFFB900F65FFC /* ConversationsTableViewCell.swift */ = {isa = PBXFileReference; lastKnownFileType = sourcecode.swift; path = ConversationsTableViewCell.swift; sourceTree = "<group>"; };
		D30EA7FE294E02C100F65FFC /* ChatViewController.swift */ = {isa = PBXFileReference; lastKnownFileType = sourcecode.swift; path = ChatViewController.swift; sourceTree = "<group>"; };
		D30EA801294E10FC00F65FFC /* NewConversationViewController.swift */ = {isa = PBXFileReference; lastKnownFileType = sourcecode.swift; path = NewConversationViewController.swift; sourceTree = "<group>"; };
		D30EA803294E111D00F65FFC /* NewConversationUIView.swift */ = {isa = PBXFileReference; lastKnownFileType = sourcecode.swift; path = NewConversationUIView.swift; sourceTree = "<group>"; };
		D30EA806294E147700F65FFC /* NewConversationTableViewCell.swift */ = {isa = PBXFileReference; lastKnownFileType = sourcecode.swift; path = NewConversationTableViewCell.swift; sourceTree = "<group>"; };
		D30EA809294E199200F65FFC /* StorageManager.swift */ = {isa = PBXFileReference; lastKnownFileType = sourcecode.swift; path = StorageManager.swift; sourceTree = "<group>"; };
		D33B4E5429490D9C00927435 /* R.generated.swift */ = {isa = PBXFileReference; fileEncoding = 4; lastKnownFileType = sourcecode.swift; path = R.generated.swift; sourceTree = "<group>"; };
		D33B4E5629490DAD00927435 /* Localizable.strings */ = {isa = PBXFileReference; lastKnownFileType = text.plist.strings; path = Localizable.strings; sourceTree = "<group>"; };
		D33B4E582949112E00927435 /* GoogleService-Info.plist */ = {isa = PBXFileReference; fileEncoding = 4; lastKnownFileType = text.plist.xml; path = "GoogleService-Info.plist"; sourceTree = "<group>"; };
		D3449B7829597F670049C75D /* NetworkConnectionManager.swift */ = {isa = PBXFileReference; lastKnownFileType = sourcecode.swift; path = NetworkConnectionManager.swift; sourceTree = "<group>"; };
		D3449B7A295980660049C75D /* ConversationPresenter.swift */ = {isa = PBXFileReference; lastKnownFileType = sourcecode.swift; path = ConversationPresenter.swift; sourceTree = "<group>"; };
		D3449B7C295981330049C75D /* ConversationInteractor.swift */ = {isa = PBXFileReference; lastKnownFileType = sourcecode.swift; path = ConversationInteractor.swift; sourceTree = "<group>"; };
		D3449B7E295981BD0049C75D /* ConversationService.swift */ = {isa = PBXFileReference; lastKnownFileType = sourcecode.swift; path = ConversationService.swift; sourceTree = "<group>"; };
		D3449B81295983ED0049C75D /* RealmManager.swift */ = {isa = PBXFileReference; lastKnownFileType = sourcecode.swift; path = RealmManager.swift; sourceTree = "<group>"; };
		D3449B832959A65D0049C75D /* TabBarController.swift */ = {isa = PBXFileReference; lastKnownFileType = sourcecode.swift; path = TabBarController.swift; sourceTree = "<group>"; };
		D3449B862959A6850049C75D /* ProfileViewController.swift */ = {isa = PBXFileReference; lastKnownFileType = sourcecode.swift; path = ProfileViewController.swift; sourceTree = "<group>"; };
		D3449B882959A6960049C75D /* ProfileUIView.swift */ = {isa = PBXFileReference; lastKnownFileType = sourcecode.swift; path = ProfileUIView.swift; sourceTree = "<group>"; };
		D3449B8B2959DD7C0049C75D /* ProfileUTableViewCell.swift */ = {isa = PBXFileReference; lastKnownFileType = sourcecode.swift; path = ProfileUTableViewCell.swift; sourceTree = "<group>"; };
		D36059E22948E39D009DA1D6 /* messenger.app */ = {isa = PBXFileReference; explicitFileType = wrapper.application; includeInIndex = 0; path = messenger.app; sourceTree = BUILT_PRODUCTS_DIR; };
		D36059E52948E39D009DA1D6 /* AppDelegate.swift */ = {isa = PBXFileReference; lastKnownFileType = sourcecode.swift; path = AppDelegate.swift; sourceTree = "<group>"; };
		D36059E72948E39D009DA1D6 /* SceneDelegate.swift */ = {isa = PBXFileReference; lastKnownFileType = sourcecode.swift; path = SceneDelegate.swift; sourceTree = "<group>"; };
		D36059E92948E39D009DA1D6 /* ConversationsViewController.swift */ = {isa = PBXFileReference; lastKnownFileType = sourcecode.swift; path = ConversationsViewController.swift; sourceTree = "<group>"; };
		D36059EE2948E39F009DA1D6 /* Assets.xcassets */ = {isa = PBXFileReference; lastKnownFileType = folder.assetcatalog; path = Assets.xcassets; sourceTree = "<group>"; };
		D36059F12948E39F009DA1D6 /* Base */ = {isa = PBXFileReference; lastKnownFileType = file.storyboard; name = Base; path = Base.lproj/LaunchScreen.storyboard; sourceTree = "<group>"; };
		D36059F32948E39F009DA1D6 /* Info.plist */ = {isa = PBXFileReference; lastKnownFileType = text.plist.xml; path = Info.plist; sourceTree = "<group>"; };
		D383A4E12950627400DA6319 /* UserDefaultsKeysConstant.swift */ = {isa = PBXFileReference; lastKnownFileType = sourcecode.swift; path = UserDefaultsKeysConstant.swift; sourceTree = "<group>"; };
		D383A4E429506C2900DA6319 /* SearchResult.swift */ = {isa = PBXFileReference; lastKnownFileType = sourcecode.swift; path = SearchResult.swift; sourceTree = "<group>"; };
		D383A4E72950789300DA6319 /* PhotoViewerViewController.swift */ = {isa = PBXFileReference; lastKnownFileType = sourcecode.swift; path = PhotoViewerViewController.swift; sourceTree = "<group>"; };
		D383A4E9295078AF00DA6319 /* PhotoViewerUIView.swift */ = {isa = PBXFileReference; lastKnownFileType = sourcecode.swift; path = PhotoViewerUIView.swift; sourceTree = "<group>"; };
		D383A4EC29507B4F00DA6319 /* LocationPickerViewController.swift */ = {isa = PBXFileReference; lastKnownFileType = sourcecode.swift; path = LocationPickerViewController.swift; sourceTree = "<group>"; };
		D383A4EE29507B5D00DA6319 /* LocationPickerUIView.swift */ = {isa = PBXFileReference; lastKnownFileType = sourcecode.swift; path = LocationPickerUIView.swift; sourceTree = "<group>"; };
		D383A4F72950855700DA6319 /* Conversation.swift */ = {isa = PBXFileReference; lastKnownFileType = sourcecode.swift; path = Conversation.swift; sourceTree = "<group>"; };
		D383A4FA2950A38E00DA6319 /* Models.swift */ = {isa = PBXFileReference; lastKnownFileType = sourcecode.swift; path = Models.swift; sourceTree = "<group>"; };
		D3924A82294C3CBF00FEF1E5 /* RegisterViewController.swift */ = {isa = PBXFileReference; lastKnownFileType = sourcecode.swift; path = RegisterViewController.swift; sourceTree = "<group>"; };
		D3924A84294C3CD000FEF1E5 /* RegisterUIView.swift */ = {isa = PBXFileReference; lastKnownFileType = sourcecode.swift; path = RegisterUIView.swift; sourceTree = "<group>"; };
		D3D09ECB294A430E00B1CC02 /* LoginViewController.swift */ = {isa = PBXFileReference; lastKnownFileType = sourcecode.swift; path = LoginViewController.swift; sourceTree = "<group>"; };
		D3D09ECD294A431C00B1CC02 /* LoginUIView.swift */ = {isa = PBXFileReference; lastKnownFileType = sourcecode.swift; path = LoginUIView.swift; sourceTree = "<group>"; };
		D3D09ECF294B102500B1CC02 /* LoginModel.swift */ = {isa = PBXFileReference; lastKnownFileType = sourcecode.swift; path = LoginModel.swift; sourceTree = "<group>"; };
		D3D09ED6294B142D00B1CC02 /* APIRequest.swift */ = {isa = PBXFileReference; lastKnownFileType = sourcecode.swift; path = APIRequest.swift; sourceTree = "<group>"; };
		D3D09ED8294B145300B1CC02 /* CustomError.swift */ = {isa = PBXFileReference; lastKnownFileType = sourcecode.swift; path = CustomError.swift; sourceTree = "<group>"; };
		D3D09EDA294B233A00B1CC02 /* LoginPresenter.swift */ = {isa = PBXFileReference; lastKnownFileType = sourcecode.swift; path = LoginPresenter.swift; sourceTree = "<group>"; };
/* End PBXFileReference section */

/* Begin PBXFrameworksBuildPhase section */
		D36059DF2948E39D009DA1D6 /* Frameworks */ = {
			isa = PBXFrameworksBuildPhase;
			buildActionMask = 2147483647;
			files = (
				5377B9096AE12B375FBE284C /* Pods_messenger.framework in Frameworks */,
			);
			runOnlyForDeploymentPostprocessing = 0;
		};
/* End PBXFrameworksBuildPhase section */

/* Begin PBXGroup section */
		2234AE494B6EBCEF3F161419 /* Frameworks */ = {
			isa = PBXGroup;
			children = (
				39615C72087CD1271E826DF8 /* Pods_messenger.framework */,
			);
			name = Frameworks;
			sourceTree = "<group>";
		};
		49E4ED4E43119AAD8E5FB275 /* Pods */ = {
			isa = PBXGroup;
			children = (
				B78441EA61B4BF3745C161A5 /* Pods-messenger.debug.xcconfig */,
				A44AB5D66E579DF68AD3CF74 /* Pods-messenger.release.xcconfig */,
			);
			path = Pods;
			sourceTree = "<group>";
		};
		D30EA7F0294D7EC900F65FFC /* DatabaseManager */ = {
			isa = PBXGroup;
			children = (
				D30EA7F1294D7EDC00F65FFC /* DatabaseManager.swift */,
			);
			path = DatabaseManager;
			sourceTree = "<group>";
		};
		D30EA7F7294DFF1000F65FFC /* Conversation */ = {
			isa = PBXGroup;
			children = (
				D383A4F62950854A00DA6319 /* Models */,
				D30EA7FA294DFFA000F65FFC /* Cell */,
				D36059E92948E39D009DA1D6 /* ConversationsViewController.swift */,
				D30EA7F8294DFF3600F65FFC /* ConversationsUIView.swift */,
				D3449B7A295980660049C75D /* ConversationPresenter.swift */,
				D3449B7C295981330049C75D /* ConversationInteractor.swift */,
				D3449B7E295981BD0049C75D /* ConversationService.swift */,
				D3449B832959A65D0049C75D /* TabBarController.swift */,
			);
			path = Conversation;
			sourceTree = "<group>";
		};
		D30EA7FA294DFFA000F65FFC /* Cell */ = {
			isa = PBXGroup;
			children = (
				D30EA7FB294DFFB900F65FFC /* ConversationsTableViewCell.swift */,
			);
			path = Cell;
			sourceTree = "<group>";
		};
		D30EA7FD294E02A900F65FFC /* Chat */ = {
			isa = PBXGroup;
			children = (
				D383A4F92950A38100DA6319 /* Models */,
				D30EA7FE294E02C100F65FFC /* ChatViewController.swift */,
			);
			path = Chat;
			sourceTree = "<group>";
		};
		D30EA800294E10D400F65FFC /* NewConversation */ = {
			isa = PBXGroup;
			children = (
				D383A4E329506C1300DA6319 /* Model */,
				D30EA805294E145600F65FFC /* Cell */,
				D30EA801294E10FC00F65FFC /* NewConversationViewController.swift */,
				D30EA803294E111D00F65FFC /* NewConversationUIView.swift */,
			);
			path = NewConversation;
			sourceTree = "<group>";
		};
		D30EA805294E145600F65FFC /* Cell */ = {
			isa = PBXGroup;
			children = (
				D30EA806294E147700F65FFC /* NewConversationTableViewCell.swift */,
			);
			path = Cell;
			sourceTree = "<group>";
		};
		D30EA808294E198200F65FFC /* StorageManager */ = {
			isa = PBXGroup;
			children = (
				D30EA809294E199200F65FFC /* StorageManager.swift */,
			);
			path = StorageManager;
			sourceTree = "<group>";
		};
		D3449B80295983170049C75D /* RealmManager */ = {
			isa = PBXGroup;
			children = (
				D3449B81295983ED0049C75D /* RealmManager.swift */,
			);
			path = RealmManager;
			sourceTree = "<group>";
		};
		D3449B852959A66F0049C75D /* Profile */ = {
			isa = PBXGroup;
			children = (
				D3449B8A2959DD630049C75D /* Cell */,
				D3449B862959A6850049C75D /* ProfileViewController.swift */,
				D3449B882959A6960049C75D /* ProfileUIView.swift */,
			);
			path = Profile;
			sourceTree = "<group>";
		};
		D3449B8A2959DD630049C75D /* Cell */ = {
			isa = PBXGroup;
			children = (
				D3449B8B2959DD7C0049C75D /* ProfileUTableViewCell.swift */,
			);
			path = Cell;
			sourceTree = "<group>";
		};
		D36059D92948E39D009DA1D6 = {
			isa = PBXGroup;
			children = (
				D36059E42948E39D009DA1D6 /* messenger */,
				D36059E32948E39D009DA1D6 /* Products */,
				49E4ED4E43119AAD8E5FB275 /* Pods */,
				2234AE494B6EBCEF3F161419 /* Frameworks */,
			);
			sourceTree = "<group>";
		};
		D36059E32948E39D009DA1D6 /* Products */ = {
			isa = PBXGroup;
			children = (
				D36059E22948E39D009DA1D6 /* messenger.app */,
			);
			name = Products;
			sourceTree = "<group>";
		};
		D36059E42948E39D009DA1D6 /* messenger */ = {
			isa = PBXGroup;
			children = (
				D36059F92949012A009DA1D6 /* Common */,
				D3924A81294C3CA600FEF1E5 /* Register */,
				D3D09ECA294A42EF00B1CC02 /* Login */,
				D30EA7F7294DFF1000F65FFC /* Conversation */,
				D30EA800294E10D400F65FFC /* NewConversation */,
				D30EA7FD294E02A900F65FFC /* Chat */,
				D3449B852959A66F0049C75D /* Profile */,
				D383A4EB29507B3300DA6319 /* LocationPicker */,
				D383A4E62950786800DA6319 /* PhotoViewer */,
			);
			path = messenger;
			sourceTree = "<group>";
		};
		D36059F92949012A009DA1D6 /* Common */ = {
			isa = PBXGroup;
			children = (
				D3449B80295983170049C75D /* RealmManager */,
				D383A4E02950625100DA6319 /* Utils */,
				D30EA808294E198200F65FFC /* StorageManager */,
				D30EA7F0294D7EC900F65FFC /* DatabaseManager */,
				D3D09ED5294B139100B1CC02 /* URLSessionFacade */,
				D36059FA2949014A009DA1D6 /* Resources */,
				D36059E52948E39D009DA1D6 /* AppDelegate.swift */,
				D36059E72948E39D009DA1D6 /* SceneDelegate.swift */,
				D36059F02948E39F009DA1D6 /* LaunchScreen.storyboard */,
				D36059F32948E39F009DA1D6 /* Info.plist */,
				D33B4E582949112E00927435 /* GoogleService-Info.plist */,
			);
			path = Common;
			sourceTree = "<group>";
		};
		D36059FA2949014A009DA1D6 /* Resources */ = {
			isa = PBXGroup;
			children = (
				D36059EE2948E39F009DA1D6 /* Assets.xcassets */,
				D33B4E5429490D9C00927435 /* R.generated.swift */,
				D33B4E5629490DAD00927435 /* Localizable.strings */,
			);
			path = Resources;
			sourceTree = "<group>";
		};
		D383A4E02950625100DA6319 /* Utils */ = {
			isa = PBXGroup;
			children = (
				D383A4E12950627400DA6319 /* UserDefaultsKeysConstant.swift */,
			);
			path = Utils;
			sourceTree = "<group>";
		};
		D383A4E329506C1300DA6319 /* Model */ = {
			isa = PBXGroup;
			children = (
				D383A4E429506C2900DA6319 /* SearchResult.swift */,
			);
			path = Model;
			sourceTree = "<group>";
		};
		D383A4E62950786800DA6319 /* PhotoViewer */ = {
			isa = PBXGroup;
			children = (
				D383A4E72950789300DA6319 /* PhotoViewerViewController.swift */,
				D383A4E9295078AF00DA6319 /* PhotoViewerUIView.swift */,
			);
			path = PhotoViewer;
			sourceTree = "<group>";
		};
		D383A4EB29507B3300DA6319 /* LocationPicker */ = {
			isa = PBXGroup;
			children = (
				D383A4EC29507B4F00DA6319 /* LocationPickerViewController.swift */,
				D383A4EE29507B5D00DA6319 /* LocationPickerUIView.swift */,
			);
			path = LocationPicker;
			sourceTree = "<group>";
		};
		D383A4F62950854A00DA6319 /* Models */ = {
			isa = PBXGroup;
			children = (
				D383A4F72950855700DA6319 /* Conversation.swift */,
			);
			path = Models;
			sourceTree = "<group>";
		};
		D383A4F92950A38100DA6319 /* Models */ = {
			isa = PBXGroup;
			children = (
				D383A4FA2950A38E00DA6319 /* Models.swift */,
			);
			path = Models;
			sourceTree = "<group>";
		};
		D3924A81294C3CA600FEF1E5 /* Register */ = {
			isa = PBXGroup;
			children = (
				D3924A82294C3CBF00FEF1E5 /* RegisterViewController.swift */,
				D3924A84294C3CD000FEF1E5 /* RegisterUIView.swift */,
				D30EA7F3294D8A7600F65FFC /* RegisterPresenter.swift */,
				D30EA7F5294D8AAB00F65FFC /* RegisterModel.swift */,
			);
			path = Register;
			sourceTree = "<group>";
		};
		D3D09ECA294A42EF00B1CC02 /* Login */ = {
			isa = PBXGroup;
			children = (
				D3D09ECB294A430E00B1CC02 /* LoginViewController.swift */,
				D3D09ECD294A431C00B1CC02 /* LoginUIView.swift */,
				D3D09ECF294B102500B1CC02 /* LoginModel.swift */,
				D3D09EDA294B233A00B1CC02 /* LoginPresenter.swift */,
			);
			path = Login;
			sourceTree = "<group>";
		};
		D3D09ED5294B139100B1CC02 /* URLSessionFacade */ = {
			isa = PBXGroup;
			children = (
				D3D09ED6294B142D00B1CC02 /* APIRequest.swift */,
				D3D09ED8294B145300B1CC02 /* CustomError.swift */,
				D3449B7829597F670049C75D /* NetworkConnectionManager.swift */,
			);
			path = URLSessionFacade;
			sourceTree = "<group>";
		};
/* End PBXGroup section */

/* Begin PBXNativeTarget section */
		D36059E12948E39D009DA1D6 /* messenger */ = {
			isa = PBXNativeTarget;
			buildConfigurationList = D36059F62948E39F009DA1D6 /* Build configuration list for PBXNativeTarget "messenger" */;
			buildPhases = (
				081DB996A07E42ED3DB24FE2 /* [CP] Check Pods Manifest.lock */,
				D33B4E5329490BBE00927435 /* R.swift Script */,
				D36059DE2948E39D009DA1D6 /* Sources */,
				D36059DF2948E39D009DA1D6 /* Frameworks */,
				D36059E02948E39D009DA1D6 /* Resources */,
				AB84B45A420DD42013FFAD90 /* [CP] Embed Pods Frameworks */,
			);
			buildRules = (
			);
			dependencies = (
			);
			name = messenger;
			productName = messenger;
			productReference = D36059E22948E39D009DA1D6 /* messenger.app */;
			productType = "com.apple.product-type.application";
		};
/* End PBXNativeTarget section */

/* Begin PBXProject section */
		D36059DA2948E39D009DA1D6 /* Project object */ = {
			isa = PBXProject;
			attributes = {
				BuildIndependentTargetsInParallel = 1;
				LastSwiftUpdateCheck = 1410;
				LastUpgradeCheck = 1410;
				TargetAttributes = {
					D36059E12948E39D009DA1D6 = {
						CreatedOnToolsVersion = 14.1;
					};
				};
			};
			buildConfigurationList = D36059DD2948E39D009DA1D6 /* Build configuration list for PBXProject "messenger" */;
			compatibilityVersion = "Xcode 14.0";
			developmentRegion = en;
			hasScannedForEncodings = 0;
			knownRegions = (
				en,
				Base,
			);
			mainGroup = D36059D92948E39D009DA1D6;
			productRefGroup = D36059E32948E39D009DA1D6 /* Products */;
			projectDirPath = "";
			projectRoot = "";
			targets = (
				D36059E12948E39D009DA1D6 /* messenger */,
			);
		};
/* End PBXProject section */

/* Begin PBXResourcesBuildPhase section */
		D36059E02948E39D009DA1D6 /* Resources */ = {
			isa = PBXResourcesBuildPhase;
			buildActionMask = 2147483647;
			files = (
				D36059F22948E39F009DA1D6 /* LaunchScreen.storyboard in Resources */,
				D33B4E5729490DAD00927435 /* Localizable.strings in Resources */,
				D33B4E592949112E00927435 /* GoogleService-Info.plist in Resources */,
				D36059EF2948E39F009DA1D6 /* Assets.xcassets in Resources */,
			);
			runOnlyForDeploymentPostprocessing = 0;
		};
/* End PBXResourcesBuildPhase section */

/* Begin PBXShellScriptBuildPhase section */
		081DB996A07E42ED3DB24FE2 /* [CP] Check Pods Manifest.lock */ = {
			isa = PBXShellScriptBuildPhase;
			buildActionMask = 2147483647;
			files = (
			);
			inputFileListPaths = (
			);
			inputPaths = (
				"${PODS_PODFILE_DIR_PATH}/Podfile.lock",
				"${PODS_ROOT}/Manifest.lock",
			);
			name = "[CP] Check Pods Manifest.lock";
			outputFileListPaths = (
			);
			outputPaths = (
				"$(DERIVED_FILE_DIR)/Pods-messenger-checkManifestLockResult.txt",
			);
			runOnlyForDeploymentPostprocessing = 0;
			shellPath = /bin/sh;
			shellScript = "diff \"${PODS_PODFILE_DIR_PATH}/Podfile.lock\" \"${PODS_ROOT}/Manifest.lock\" > /dev/null\nif [ $? != 0 ] ; then\n    # print error to STDERR\n    echo \"error: The sandbox is not in sync with the Podfile.lock. Run 'pod install' or update your CocoaPods installation.\" >&2\n    exit 1\nfi\n# This output is used by Xcode 'outputs' to avoid re-running this script phase.\necho \"SUCCESS\" > \"${SCRIPT_OUTPUT_FILE_0}\"\n";
			showEnvVarsInLog = 0;
		};
		AB84B45A420DD42013FFAD90 /* [CP] Embed Pods Frameworks */ = {
			isa = PBXShellScriptBuildPhase;
			buildActionMask = 2147483647;
			files = (
			);
			inputFileListPaths = (
				"${PODS_ROOT}/Target Support Files/Pods-messenger/Pods-messenger-frameworks-${CONFIGURATION}-input-files.xcfilelist",
			);
			name = "[CP] Embed Pods Frameworks";
			outputFileListPaths = (
				"${PODS_ROOT}/Target Support Files/Pods-messenger/Pods-messenger-frameworks-${CONFIGURATION}-output-files.xcfilelist",
			);
			runOnlyForDeploymentPostprocessing = 0;
			shellPath = /bin/sh;
			shellScript = "\"${PODS_ROOT}/Target Support Files/Pods-messenger/Pods-messenger-frameworks.sh\"\n";
			showEnvVarsInLog = 0;
		};
		D33B4E5329490BBE00927435 /* R.swift Script */ = {
			isa = PBXShellScriptBuildPhase;
			alwaysOutOfDate = 1;
			buildActionMask = 2147483647;
			files = (
			);
			inputFileListPaths = (
			);
			inputPaths = (
			);
			name = "R.swift Script";
			outputFileListPaths = (
			);
			outputPaths = (
				$SRCROOT/messenger/Common/Resources/R.generated.swift,
			);
			runOnlyForDeploymentPostprocessing = 0;
			shellPath = /bin/sh;
			shellScript = "# Type a script or drag a script file from your workspace to insert its path.\n\"$PODS_ROOT/R.swift/rswift\" generate \"$SRCROOT/messenger/Common/Resources/R.generated.swift\"\n";
		};
/* End PBXShellScriptBuildPhase section */

/* Begin PBXSourcesBuildPhase section */
		D36059DE2948E39D009DA1D6 /* Sources */ = {
			isa = PBXSourcesBuildPhase;
			buildActionMask = 2147483647;
			files = (
				D3D09ECE294A431C00B1CC02 /* LoginUIView.swift in Sources */,
				D383A4EF29507B5D00DA6319 /* LocationPickerUIView.swift in Sources */,
				D383A4F82950855700DA6319 /* Conversation.swift in Sources */,
				D3924A83294C3CBF00FEF1E5 /* RegisterViewController.swift in Sources */,
				D383A4E82950789300DA6319 /* PhotoViewerViewController.swift in Sources */,
				D30EA7F4294D8A7600F65FFC /* RegisterPresenter.swift in Sources */,
				D30EA7F2294D7EDC00F65FFC /* DatabaseManager.swift in Sources */,
				D30EA804294E111D00F65FFC /* NewConversationUIView.swift in Sources */,
				D3D09ED0294B102500B1CC02 /* LoginModel.swift in Sources */,
				D3449B7B295980660049C75D /* ConversationPresenter.swift in Sources */,
				D3449B7F295981BD0049C75D /* ConversationService.swift in Sources */,
				D383A4FB2950A38E00DA6319 /* Models.swift in Sources */,
				D3449B82295983ED0049C75D /* RealmManager.swift in Sources */,
				D383A4EA295078AF00DA6319 /* PhotoViewerUIView.swift in Sources */,
				D36059EA2948E39D009DA1D6 /* ConversationsViewController.swift in Sources */,
				D30EA7FC294DFFB900F65FFC /* ConversationsTableViewCell.swift in Sources */,
				D3449B892959A6960049C75D /* ProfileUIView.swift in Sources */,
				D383A4ED29507B4F00DA6319 /* LocationPickerViewController.swift in Sources */,
				D36059E62948E39D009DA1D6 /* AppDelegate.swift in Sources */,
				D3D09EDB294B233A00B1CC02 /* LoginPresenter.swift in Sources */,
				D3449B7D295981330049C75D /* ConversationInteractor.swift in Sources */,
				D383A4E529506C2900DA6319 /* SearchResult.swift in Sources */,
				D3449B842959A65D0049C75D /* TabBarController.swift in Sources */,
				D30EA802294E10FC00F65FFC /* NewConversationViewController.swift in Sources */,
				D383A4E22950627400DA6319 /* UserDefaultsKeysConstant.swift in Sources */,
				D3449B8C2959DD7C0049C75D /* ProfileUTableViewCell.swift in Sources */,
				D36059E82948E39D009DA1D6 /* SceneDelegate.swift in Sources */,
				D30EA7F9294DFF3600F65FFC /* ConversationsUIView.swift in Sources */,
				D30EA80A294E199200F65FFC /* StorageManager.swift in Sources */,
				D3D09ECC294A430E00B1CC02 /* LoginViewController.swift in Sources */,
				D30EA807294E147700F65FFC /* NewConversationTableViewCell.swift in Sources */,
				D33B4E5529490D9C00927435 /* R.generated.swift in Sources */,
				D30EA7F6294D8AAB00F65FFC /* RegisterModel.swift in Sources */,
				D3924A85294C3CD000FEF1E5 /* RegisterUIView.swift in Sources */,
				D3D09ED9294B145300B1CC02 /* CustomError.swift in Sources */,
				D30EA7FF294E02C100F65FFC /* ChatViewController.swift in Sources */,
				D3449B872959A6850049C75D /* ProfileViewController.swift in Sources */,
				D3449B7929597F670049C75D /* NetworkConnectionManager.swift in Sources */,
				D3D09ED7294B142D00B1CC02 /* APIRequest.swift in Sources */,
			);
			runOnlyForDeploymentPostprocessing = 0;
		};
/* End PBXSourcesBuildPhase section */

/* Begin PBXVariantGroup section */
		D36059F02948E39F009DA1D6 /* LaunchScreen.storyboard */ = {
			isa = PBXVariantGroup;
			children = (
				D36059F12948E39F009DA1D6 /* Base */,
			);
			name = LaunchScreen.storyboard;
			sourceTree = "<group>";
		};
/* End PBXVariantGroup section */

/* Begin XCBuildConfiguration section */
		D36059F42948E39F009DA1D6 /* Debug */ = {
			isa = XCBuildConfiguration;
			buildSettings = {
				ALWAYS_SEARCH_USER_PATHS = NO;
				CLANG_ANALYZER_NONNULL = YES;
				CLANG_ANALYZER_NUMBER_OBJECT_CONVERSION = YES_AGGRESSIVE;
				CLANG_CXX_LANGUAGE_STANDARD = "gnu++20";
				CLANG_ENABLE_MODULES = YES;
				CLANG_ENABLE_OBJC_ARC = YES;
				CLANG_ENABLE_OBJC_WEAK = YES;
				CLANG_WARN_BLOCK_CAPTURE_AUTORELEASING = YES;
				CLANG_WARN_BOOL_CONVERSION = YES;
				CLANG_WARN_COMMA = YES;
				CLANG_WARN_CONSTANT_CONVERSION = YES;
				CLANG_WARN_DEPRECATED_OBJC_IMPLEMENTATIONS = YES;
				CLANG_WARN_DIRECT_OBJC_ISA_USAGE = YES_ERROR;
				CLANG_WARN_DOCUMENTATION_COMMENTS = YES;
				CLANG_WARN_EMPTY_BODY = YES;
				CLANG_WARN_ENUM_CONVERSION = YES;
				CLANG_WARN_INFINITE_RECURSION = YES;
				CLANG_WARN_INT_CONVERSION = YES;
				CLANG_WARN_NON_LITERAL_NULL_CONVERSION = YES;
				CLANG_WARN_OBJC_IMPLICIT_RETAIN_SELF = YES;
				CLANG_WARN_OBJC_LITERAL_CONVERSION = YES;
				CLANG_WARN_OBJC_ROOT_CLASS = YES_ERROR;
				CLANG_WARN_QUOTED_INCLUDE_IN_FRAMEWORK_HEADER = YES;
				CLANG_WARN_RANGE_LOOP_ANALYSIS = YES;
				CLANG_WARN_STRICT_PROTOTYPES = YES;
				CLANG_WARN_SUSPICIOUS_MOVE = YES;
				CLANG_WARN_UNGUARDED_AVAILABILITY = YES_AGGRESSIVE;
				CLANG_WARN_UNREACHABLE_CODE = YES;
				CLANG_WARN__DUPLICATE_METHOD_MATCH = YES;
				COPY_PHASE_STRIP = NO;
				DEBUG_INFORMATION_FORMAT = dwarf;
				ENABLE_STRICT_OBJC_MSGSEND = YES;
				ENABLE_TESTABILITY = YES;
				GCC_C_LANGUAGE_STANDARD = gnu11;
				GCC_DYNAMIC_NO_PIC = NO;
				GCC_NO_COMMON_BLOCKS = YES;
				GCC_OPTIMIZATION_LEVEL = 0;
				GCC_PREPROCESSOR_DEFINITIONS = (
					"DEBUG=1",
					"$(inherited)",
				);
				GCC_WARN_64_TO_32_BIT_CONVERSION = YES;
				GCC_WARN_ABOUT_RETURN_TYPE = YES_ERROR;
				GCC_WARN_UNDECLARED_SELECTOR = YES;
				GCC_WARN_UNINITIALIZED_AUTOS = YES_AGGRESSIVE;
				GCC_WARN_UNUSED_FUNCTION = YES;
				GCC_WARN_UNUSED_VARIABLE = YES;
				IPHONEOS_DEPLOYMENT_TARGET = 16.1;
				MTL_ENABLE_DEBUG_INFO = INCLUDE_SOURCE;
				MTL_FAST_MATH = YES;
				ONLY_ACTIVE_ARCH = YES;
				SDKROOT = iphoneos;
				SWIFT_ACTIVE_COMPILATION_CONDITIONS = DEBUG;
				SWIFT_OPTIMIZATION_LEVEL = "-Onone";
			};
			name = Debug;
		};
		D36059F52948E39F009DA1D6 /* Release */ = {
			isa = XCBuildConfiguration;
			buildSettings = {
				ALWAYS_SEARCH_USER_PATHS = NO;
				CLANG_ANALYZER_NONNULL = YES;
				CLANG_ANALYZER_NUMBER_OBJECT_CONVERSION = YES_AGGRESSIVE;
				CLANG_CXX_LANGUAGE_STANDARD = "gnu++20";
				CLANG_ENABLE_MODULES = YES;
				CLANG_ENABLE_OBJC_ARC = YES;
				CLANG_ENABLE_OBJC_WEAK = YES;
				CLANG_WARN_BLOCK_CAPTURE_AUTORELEASING = YES;
				CLANG_WARN_BOOL_CONVERSION = YES;
				CLANG_WARN_COMMA = YES;
				CLANG_WARN_CONSTANT_CONVERSION = YES;
				CLANG_WARN_DEPRECATED_OBJC_IMPLEMENTATIONS = YES;
				CLANG_WARN_DIRECT_OBJC_ISA_USAGE = YES_ERROR;
				CLANG_WARN_DOCUMENTATION_COMMENTS = YES;
				CLANG_WARN_EMPTY_BODY = YES;
				CLANG_WARN_ENUM_CONVERSION = YES;
				CLANG_WARN_INFINITE_RECURSION = YES;
				CLANG_WARN_INT_CONVERSION = YES;
				CLANG_WARN_NON_LITERAL_NULL_CONVERSION = YES;
				CLANG_WARN_OBJC_IMPLICIT_RETAIN_SELF = YES;
				CLANG_WARN_OBJC_LITERAL_CONVERSION = YES;
				CLANG_WARN_OBJC_ROOT_CLASS = YES_ERROR;
				CLANG_WARN_QUOTED_INCLUDE_IN_FRAMEWORK_HEADER = YES;
				CLANG_WARN_RANGE_LOOP_ANALYSIS = YES;
				CLANG_WARN_STRICT_PROTOTYPES = YES;
				CLANG_WARN_SUSPICIOUS_MOVE = YES;
				CLANG_WARN_UNGUARDED_AVAILABILITY = YES_AGGRESSIVE;
				CLANG_WARN_UNREACHABLE_CODE = YES;
				CLANG_WARN__DUPLICATE_METHOD_MATCH = YES;
				COPY_PHASE_STRIP = NO;
				DEBUG_INFORMATION_FORMAT = "dwarf-with-dsym";
				ENABLE_NS_ASSERTIONS = NO;
				ENABLE_STRICT_OBJC_MSGSEND = YES;
				GCC_C_LANGUAGE_STANDARD = gnu11;
				GCC_NO_COMMON_BLOCKS = YES;
				GCC_WARN_64_TO_32_BIT_CONVERSION = YES;
				GCC_WARN_ABOUT_RETURN_TYPE = YES_ERROR;
				GCC_WARN_UNDECLARED_SELECTOR = YES;
				GCC_WARN_UNINITIALIZED_AUTOS = YES_AGGRESSIVE;
				GCC_WARN_UNUSED_FUNCTION = YES;
				GCC_WARN_UNUSED_VARIABLE = YES;
				IPHONEOS_DEPLOYMENT_TARGET = 16.1;
				MTL_ENABLE_DEBUG_INFO = NO;
				MTL_FAST_MATH = YES;
				SDKROOT = iphoneos;
				SWIFT_COMPILATION_MODE = wholemodule;
				SWIFT_OPTIMIZATION_LEVEL = "-O";
				VALIDATE_PRODUCT = YES;
			};
			name = Release;
		};
		D36059F72948E39F009DA1D6 /* Debug */ = {
			isa = XCBuildConfiguration;
			baseConfigurationReference = B78441EA61B4BF3745C161A5 /* Pods-messenger.debug.xcconfig */;
			buildSettings = {
				ASSETCATALOG_COMPILER_APPICON_NAME = AppIcon;
				ASSETCATALOG_COMPILER_GLOBAL_ACCENT_COLOR_NAME = AccentColor;
				CODE_SIGN_STYLE = Automatic;
				CURRENT_PROJECT_VERSION = 1;
				DEVELOPMENT_TEAM = 95X368593A;
				GENERATE_INFOPLIST_FILE = YES;
				INFOPLIST_FILE = messenger/Common/Info.plist;
				INFOPLIST_KEY_UIApplicationSupportsIndirectInputEvents = YES;
				INFOPLIST_KEY_UILaunchStoryboardName = LaunchScreen;
				INFOPLIST_KEY_UISupportedInterfaceOrientations_iPad = "UIInterfaceOrientationPortrait UIInterfaceOrientationPortraitUpsideDown UIInterfaceOrientationLandscapeLeft UIInterfaceOrientationLandscapeRight";
				INFOPLIST_KEY_UISupportedInterfaceOrientations_iPhone = "UIInterfaceOrientationPortrait UIInterfaceOrientationLandscapeLeft UIInterfaceOrientationLandscapeRight";
				IPHONEOS_DEPLOYMENT_TARGET = 13.0;
				LD_RUNPATH_SEARCH_PATHS = (
					"$(inherited)",
					"@executable_path/Frameworks",
				);
				MARKETING_VERSION = 1.0;
				PRODUCT_BUNDLE_IDENTIFIER = com.test.messenger;
				PRODUCT_NAME = "$(TARGET_NAME)";
				SWIFT_EMIT_LOC_STRINGS = YES;
				SWIFT_VERSION = 5.0;
				TARGETED_DEVICE_FAMILY = "1,2";
			};
			name = Debug;
		};
		D36059F82948E39F009DA1D6 /* Release */ = {
			isa = XCBuildConfiguration;
			baseConfigurationReference = A44AB5D66E579DF68AD3CF74 /* Pods-messenger.release.xcconfig */;
			buildSettings = {
				ASSETCATALOG_COMPILER_APPICON_NAME = AppIcon;
				ASSETCATALOG_COMPILER_GLOBAL_ACCENT_COLOR_NAME = AccentColor;
				CODE_SIGN_STYLE = Automatic;
				CURRENT_PROJECT_VERSION = 1;
				DEVELOPMENT_TEAM = 95X368593A;
				GENERATE_INFOPLIST_FILE = YES;
				INFOPLIST_FILE = messenger/Common/Info.plist;
				INFOPLIST_KEY_UIApplicationSupportsIndirectInputEvents = YES;
				INFOPLIST_KEY_UILaunchStoryboardName = LaunchScreen;
				INFOPLIST_KEY_UISupportedInterfaceOrientations_iPad = "UIInterfaceOrientationPortrait UIInterfaceOrientationPortraitUpsideDown UIInterfaceOrientationLandscapeLeft UIInterfaceOrientationLandscapeRight";
				INFOPLIST_KEY_UISupportedInterfaceOrientations_iPhone = "UIInterfaceOrientationPortrait UIInterfaceOrientationLandscapeLeft UIInterfaceOrientationLandscapeRight";
				IPHONEOS_DEPLOYMENT_TARGET = 13.0;
				LD_RUNPATH_SEARCH_PATHS = (
					"$(inherited)",
					"@executable_path/Frameworks",
				);
				MARKETING_VERSION = 1.0;
				PRODUCT_BUNDLE_IDENTIFIER = com.test.messenger;
				PRODUCT_NAME = "$(TARGET_NAME)";
				SWIFT_EMIT_LOC_STRINGS = YES;
				SWIFT_VERSION = 5.0;
				TARGETED_DEVICE_FAMILY = "1,2";
			};
			name = Release;
		};
/* End XCBuildConfiguration section */

/* Begin XCConfigurationList section */
		D36059DD2948E39D009DA1D6 /* Build configuration list for PBXProject "messenger" */ = {
			isa = XCConfigurationList;
			buildConfigurations = (
				D36059F42948E39F009DA1D6 /* Debug */,
				D36059F52948E39F009DA1D6 /* Release */,
			);
			defaultConfigurationIsVisible = 0;
			defaultConfigurationName = Release;
		};
		D36059F62948E39F009DA1D6 /* Build configuration list for PBXNativeTarget "messenger" */ = {
			isa = XCConfigurationList;
			buildConfigurations = (
				D36059F72948E39F009DA1D6 /* Debug */,
				D36059F82948E39F009DA1D6 /* Release */,
			);
			defaultConfigurationIsVisible = 0;
			defaultConfigurationName = Release;
		};
/* End XCConfigurationList section */
	};
	rootObject = D36059DA2948E39D009DA1D6 /* Project object */;
}
